
Microsoft Visual Studio Solution File, Format Version 12.00
# Visual Studio Version 17
VisualStudioVersion = 17.5.33424.131
MinimumVisualStudioVersion = 10.0.40219.1
Project("{8BC9CEB8-8B4A-11D0-8D11-00A0C91BC942}") = "fileSystemStandartCopyDir", "fileSystemStandartCopyDir\fileSystemStandartCopyDir.vcxproj", "{5B98AD42-C98E-4B98-82E3-53574DBB2EFF}"
EndProject
Global
	GlobalSection(SolutionConfigurationPlatforms) = preSolution
		Debug|x64 = Debug|x64
		Debug|x86 = Debug|x86
		Release|x64 = Release|x64
		Release|x86 = Release|x86
	EndGlobalSection
	GlobalSection(ProjectConfigurationPlatforms) = postSolution
		{5B98AD42-C98E-4B98-82E3-53574DBB2EFF}.Debug|x64.ActiveCfg = Debug|x64
		{5B98AD42-C98E-4B98-82E3-53574DBB2EFF}.Debug|x64.Build.0 = Debug|x64
		{5B98AD42-C98E-4B98-82E3-53574DBB2EFF}.Debug|x86.ActiveCfg = Debug|Win32
		{5B98AD42-C98E-4B98-82E3-53574DBB2EFF}.Debug|x86.Build.0 = Debug|Win32
		{5B98AD42-C98E-4B98-82E3-53574DBB2EFF}.Release|x64.ActiveCfg = Release|x64
		{5B98AD42-C98E-4B98-82E3-53574DBB2EFF}.Release|x64.Build.0 = Release|x64
		{5B98AD42-C98E-4B98-82E3-53574DBB2EFF}.Release|x86.ActiveCfg = Release|Win32
		{5B98AD42-C98E-4B98-82E3-53574DBB2EFF}.Release|x86.Build.0 = Release|Win32
	EndGlobalSection
	GlobalSection(SolutionProperties) = preSolution
		HideSolutionNode = FALSE
	EndGlobalSection
	GlobalSection(ExtensibilityGlobals) = postSolution
		SolutionGuid = {7860B575-E2A6-4DAB-BCEC-64D79C51DEEE}
	EndGlobalSection
EndGlobal
